// !$*UTF8*$!
{
	archiveVersion = 1;
	classes = {
	};
	objectVersion = 50;
	objects = {

/* Begin PBXBuildFile section */
		265622E225D6CE5600913277 /* CategoryRow.swift in Sources */ = {isa = PBXBuildFile; fileRef = 265622E125D6CE5600913277 /* CategoryRow.swift */; };
		265622E525D6D15C00913277 /* CategoryItem.swift in Sources */ = {isa = PBXBuildFile; fileRef = 265622E425D6D15C00913277 /* CategoryItem.swift */; };
		26E16D4725CEE1DD003E01CB /* LandmarksApp.swift in Sources */ = {isa = PBXBuildFile; fileRef = 26E16D4625CEE1DD003E01CB /* LandmarksApp.swift */; };
		26E16D4925CEE1DD003E01CB /* ContentView.swift in Sources */ = {isa = PBXBuildFile; fileRef = 26E16D4825CEE1DD003E01CB /* ContentView.swift */; };
		26E16D4B25CEE1DE003E01CB /* Assets.xcassets in Resources */ = {isa = PBXBuildFile; fileRef = 26E16D4A25CEE1DE003E01CB /* Assets.xcassets */; };
		26E16D4E25CEE1DE003E01CB /* Preview Assets.xcassets in Resources */ = {isa = PBXBuildFile; fileRef = 26E16D4D25CEE1DE003E01CB /* Preview Assets.xcassets */; };
		26E16D5725CEE720003E01CB /* CircleImage.swift in Sources */ = {isa = PBXBuildFile; fileRef = 26E16D5625CEE720003E01CB /* CircleImage.swift */; };
		26E16D5A25CEE859003E01CB /* MapView.swift in Sources */ = {isa = PBXBuildFile; fileRef = 26E16D5925CEE859003E01CB /* MapView.swift */; };
		26E16D6425D41201003E01CB /* landmarkData.json in Resources */ = {isa = PBXBuildFile; fileRef = 26E16D6325D41201003E01CB /* landmarkData.json */; };
		26E16D6725D4121F003E01CB /* Landmark.swift in Sources */ = {isa = PBXBuildFile; fileRef = 26E16D6625D4121F003E01CB /* Landmark.swift */; };
		26E16D6A25D41390003E01CB /* ModelData.swift in Sources */ = {isa = PBXBuildFile; fileRef = 26E16D6925D41390003E01CB /* ModelData.swift */; };
		26E16D6F25D4185B003E01CB /* LandmarkRow.swift in Sources */ = {isa = PBXBuildFile; fileRef = 26E16D6E25D4185B003E01CB /* LandmarkRow.swift */; };
		26E16D7325D4197B003E01CB /* LandmarkList.swift in Sources */ = {isa = PBXBuildFile; fileRef = 26E16D7225D4197B003E01CB /* LandmarkList.swift */; };
		26E16D7625D42AAF003E01CB /* LandmarkDetail.swift in Sources */ = {isa = PBXBuildFile; fileRef = 26E16D7525D42AAF003E01CB /* LandmarkDetail.swift */; };
		26E16D7B25D4F1A7003E01CB /* FavoriteButton.swift in Sources */ = {isa = PBXBuildFile; fileRef = 26E16D7A25D4F1A7003E01CB /* FavoriteButton.swift */; };
		26E16D8325D51695003E01CB /* HexagonParameters.swift in Sources */ = {isa = PBXBuildFile; fileRef = 26E16D8225D51695003E01CB /* HexagonParameters.swift */; };
		26E16D8625D51779003E01CB /* BadgeBackground.swift in Sources */ = {isa = PBXBuildFile; fileRef = 26E16D8525D51779003E01CB /* BadgeBackground.swift */; };
		26E16D8925D59D28003E01CB /* BadgeSymbol.swift in Sources */ = {isa = PBXBuildFile; fileRef = 26E16D8825D59D28003E01CB /* BadgeSymbol.swift */; };
		26E16D8C25D59E55003E01CB /* RotatedBadgeSymbol.swift in Sources */ = {isa = PBXBuildFile; fileRef = 26E16D8B25D59E55003E01CB /* RotatedBadgeSymbol.swift */; };
		26E16D8F25D59F9B003E01CB /* Badge.swift in Sources */ = {isa = PBXBuildFile; fileRef = 26E16D8E25D59F9B003E01CB /* Badge.swift */; };
		26E16D9525D5A664003E01CB /* hikeData.json in Resources */ = {isa = PBXBuildFile; fileRef = 26E16D9425D5A664003E01CB /* hikeData.json */; };
		26E16D9C25D5A6E1003E01CB /* Hike.swift in Sources */ = {isa = PBXBuildFile; fileRef = 26E16D9B25D5A6E1003E01CB /* Hike.swift */; };
		26E16DA325D5A923003E01CB /* GraphCapsule.swift in Sources */ = {isa = PBXBuildFile; fileRef = 26E16D9F25D5A923003E01CB /* GraphCapsule.swift */; };
		26E16DA425D5A923003E01CB /* HikeGraph.swift in Sources */ = {isa = PBXBuildFile; fileRef = 26E16DA025D5A923003E01CB /* HikeGraph.swift */; };
		26E16DA525D5A923003E01CB /* HikeDetail.swift in Sources */ = {isa = PBXBuildFile; fileRef = 26E16DA125D5A923003E01CB /* HikeDetail.swift */; };
		26E16DA625D5A923003E01CB /* HikeView.swift in Sources */ = {isa = PBXBuildFile; fileRef = 26E16DA225D5A923003E01CB /* HikeView.swift */; };
		26E16DAC25D6B581003E01CB /* CategoryHome.swift in Sources */ = {isa = PBXBuildFile; fileRef = 26E16DAB25D6B581003E01CB /* CategoryHome.swift */; };
/* End PBXBuildFile section */

/* Begin PBXFileReference section */
		265622E125D6CE5600913277 /* CategoryRow.swift */ = {isa = PBXFileReference; lastKnownFileType = sourcecode.swift; path = CategoryRow.swift; sourceTree = "<group>"; };
		265622E425D6D15C00913277 /* CategoryItem.swift */ = {isa = PBXFileReference; lastKnownFileType = sourcecode.swift; path = CategoryItem.swift; sourceTree = "<group>"; };
		26E16D4325CEE1DD003E01CB /* Landmarks.app */ = {isa = PBXFileReference; explicitFileType = wrapper.application; includeInIndex = 0; path = Landmarks.app; sourceTree = BUILT_PRODUCTS_DIR; };
		26E16D4625CEE1DD003E01CB /* LandmarksApp.swift */ = {isa = PBXFileReference; lastKnownFileType = sourcecode.swift; path = LandmarksApp.swift; sourceTree = "<group>"; };
		26E16D4825CEE1DD003E01CB /* ContentView.swift */ = {isa = PBXFileReference; lastKnownFileType = sourcecode.swift; path = ContentView.swift; sourceTree = "<group>"; };
		26E16D4A25CEE1DE003E01CB /* Assets.xcassets */ = {isa = PBXFileReference; lastKnownFileType = folder.assetcatalog; path = Assets.xcassets; sourceTree = "<group>"; };
		26E16D4D25CEE1DE003E01CB /* Preview Assets.xcassets */ = {isa = PBXFileReference; lastKnownFileType = folder.assetcatalog; path = "Preview Assets.xcassets"; sourceTree = "<group>"; };
		26E16D4F25CEE1DE003E01CB /* Info.plist */ = {isa = PBXFileReference; lastKnownFileType = text.plist.xml; path = Info.plist; sourceTree = "<group>"; };
		26E16D5625CEE720003E01CB /* CircleImage.swift */ = {isa = PBXFileReference; lastKnownFileType = sourcecode.swift; path = CircleImage.swift; sourceTree = "<group>"; };
		26E16D5925CEE859003E01CB /* MapView.swift */ = {isa = PBXFileReference; lastKnownFileType = sourcecode.swift; path = MapView.swift; sourceTree = "<group>"; };
		26E16D6325D41201003E01CB /* landmarkData.json */ = {isa = PBXFileReference; fileEncoding = 4; lastKnownFileType = text.json; path = landmarkData.json; sourceTree = "<group>"; };
		26E16D6625D4121F003E01CB /* Landmark.swift */ = {isa = PBXFileReference; lastKnownFileType = sourcecode.swift; path = Landmark.swift; sourceTree = "<group>"; };
		26E16D6925D41390003E01CB /* ModelData.swift */ = {isa = PBXFileReference; lastKnownFileType = sourcecode.swift; path = ModelData.swift; sourceTree = "<group>"; };
		26E16D6E25D4185B003E01CB /* LandmarkRow.swift */ = {isa = PBXFileReference; lastKnownFileType = sourcecode.swift; path = LandmarkRow.swift; sourceTree = "<group>"; };
		26E16D7225D4197B003E01CB /* LandmarkList.swift */ = {isa = PBXFileReference; lastKnownFileType = sourcecode.swift; path = LandmarkList.swift; sourceTree = "<group>"; };
		26E16D7525D42AAF003E01CB /* LandmarkDetail.swift */ = {isa = PBXFileReference; lastKnownFileType = sourcecode.swift; path = LandmarkDetail.swift; sourceTree = "<group>"; };
		26E16D7A25D4F1A7003E01CB /* FavoriteButton.swift */ = {isa = PBXFileReference; lastKnownFileType = sourcecode.swift; path = FavoriteButton.swift; sourceTree = "<group>"; };
		26E16D8225D51695003E01CB /* HexagonParameters.swift */ = {isa = PBXFileReference; lastKnownFileType = sourcecode.swift; path = HexagonParameters.swift; sourceTree = "<group>"; };
		26E16D8525D51779003E01CB /* BadgeBackground.swift */ = {isa = PBXFileReference; lastKnownFileType = sourcecode.swift; path = BadgeBackground.swift; sourceTree = "<group>"; };
		26E16D8825D59D28003E01CB /* BadgeSymbol.swift */ = {isa = PBXFileReference; lastKnownFileType = sourcecode.swift; path = BadgeSymbol.swift; sourceTree = "<group>"; };
		26E16D8B25D59E55003E01CB /* RotatedBadgeSymbol.swift */ = {isa = PBXFileReference; lastKnownFileType = sourcecode.swift; path = RotatedBadgeSymbol.swift; sourceTree = "<group>"; };
		26E16D8E25D59F9B003E01CB /* Badge.swift */ = {isa = PBXFileReference; lastKnownFileType = sourcecode.swift; path = Badge.swift; sourceTree = "<group>"; };
		26E16D9425D5A664003E01CB /* hikeData.json */ = {isa = PBXFileReference; fileEncoding = 4; lastKnownFileType = text.json; path = hikeData.json; sourceTree = "<group>"; };
		26E16D9B25D5A6E1003E01CB /* Hike.swift */ = {isa = PBXFileReference; lastKnownFileType = sourcecode.swift; path = Hike.swift; sourceTree = "<group>"; };
		26E16D9F25D5A923003E01CB /* GraphCapsule.swift */ = {isa = PBXFileReference; fileEncoding = 4; lastKnownFileType = sourcecode.swift; path = GraphCapsule.swift; sourceTree = "<group>"; };
		26E16DA025D5A923003E01CB /* HikeGraph.swift */ = {isa = PBXFileReference; fileEncoding = 4; lastKnownFileType = sourcecode.swift; path = HikeGraph.swift; sourceTree = "<group>"; };
		26E16DA125D5A923003E01CB /* HikeDetail.swift */ = {isa = PBXFileReference; fileEncoding = 4; lastKnownFileType = sourcecode.swift; path = HikeDetail.swift; sourceTree = "<group>"; };
		26E16DA225D5A923003E01CB /* HikeView.swift */ = {isa = PBXFileReference; fileEncoding = 4; lastKnownFileType = sourcecode.swift; path = HikeView.swift; sourceTree = "<group>"; };
		26E16DAB25D6B581003E01CB /* CategoryHome.swift */ = {isa = PBXFileReference; lastKnownFileType = sourcecode.swift; path = CategoryHome.swift; sourceTree = "<group>"; };
/* End PBXFileReference section */

/* Begin PBXFrameworksBuildPhase section */
		26E16D4025CEE1DD003E01CB /* Frameworks */ = {
			isa = PBXFrameworksBuildPhase;
			buildActionMask = 2147483647;
			files = (
			);
			runOnlyForDeploymentPostprocessing = 0;
		};
/* End PBXFrameworksBuildPhase section */

/* Begin PBXGroup section */
		26E16D3A25CEE1DD003E01CB = {
			isa = PBXGroup;
			children = (
				26E16D9725D5A693003E01CB /* New Group */,
				26E16D4525CEE1DD003E01CB /* Landmarks */,
				26E16D4425CEE1DD003E01CB /* Products */,
			);
			sourceTree = "<group>";
		};
		26E16D4425CEE1DD003E01CB /* Products */ = {
			isa = PBXGroup;
			children = (
				26E16D4325CEE1DD003E01CB /* Landmarks.app */,
			);
			name = Products;
			sourceTree = "<group>";
		};
		26E16D4525CEE1DD003E01CB /* Landmarks */ = {
			isa = PBXGroup;
			children = (
				26E16D9825D5A69C003E01CB /* Resources */,
				26E16D4625CEE1DD003E01CB /* LandmarksApp.swift */,
				26E16D6D25D414C7003E01CB /* Model */,
				26E16D6C25D414B2003E01CB /* Views */,
				26E16D4A25CEE1DE003E01CB /* Assets.xcassets */,
				26E16D4F25CEE1DE003E01CB /* Info.plist */,
				26E16D4C25CEE1DE003E01CB /* Preview Content */,
			);
			path = Landmarks;
			sourceTree = "<group>";
		};
		26E16D4C25CEE1DE003E01CB /* Preview Content */ = {
			isa = PBXGroup;
			children = (
				26E16D4D25CEE1DE003E01CB /* Preview Assets.xcassets */,
			);
			path = "Preview Content";
			sourceTree = "<group>";
		};
		26E16D6C25D414B2003E01CB /* Views */ = {
			isa = PBXGroup;
			children = (
				26E16DAA25D6B4CE003E01CB /* Categories */,
				26E16D9E25D5A923003E01CB /* Hikes */,
				26E16D9125D5A457003E01CB /* Badges */,
				26E16D7E25D4F558003E01CB /* Helpers */,
				26E16D7D25D4F540003E01CB /* Landmarks */,
				26E16D4825CEE1DD003E01CB /* ContentView.swift */,
			);
			path = Views;
			sourceTree = "<group>";
		};
		26E16D6D25D414C7003E01CB /* Model */ = {
			isa = PBXGroup;
			children = (
				26E16D6625D4121F003E01CB /* Landmark.swift */,
				26E16D6925D41390003E01CB /* ModelData.swift */,
				26E16D9B25D5A6E1003E01CB /* Hike.swift */,
			);
			path = Model;
			sourceTree = "<group>";
		};
		26E16D7D25D4F540003E01CB /* Landmarks */ = {
			isa = PBXGroup;
			children = (
				26E16D7525D42AAF003E01CB /* LandmarkDetail.swift */,
				26E16D6E25D4185B003E01CB /* LandmarkRow.swift */,
				26E16D7225D4197B003E01CB /* LandmarkList.swift */,
			);
			path = Landmarks;
			sourceTree = "<group>";
		};
		26E16D7E25D4F558003E01CB /* Helpers */ = {
			isa = PBXGroup;
			children = (
				26E16D5625CEE720003E01CB /* CircleImage.swift */,
				26E16D7A25D4F1A7003E01CB /* FavoriteButton.swift */,
				26E16D5925CEE859003E01CB /* MapView.swift */,
			);
			path = Helpers;
			sourceTree = "<group>";
		};
		26E16D9125D5A457003E01CB /* Badges */ = {
			isa = PBXGroup;
			children = (
				26E16D8225D51695003E01CB /* HexagonParameters.swift */,
				26E16D8525D51779003E01CB /* BadgeBackground.swift */,
				26E16D8825D59D28003E01CB /* BadgeSymbol.swift */,
				26E16D8B25D59E55003E01CB /* RotatedBadgeSymbol.swift */,
				26E16D8E25D59F9B003E01CB /* Badge.swift */,
			);
			path = Badges;
			sourceTree = "<group>";
		};
		26E16D9725D5A693003E01CB /* New Group */ = {
			isa = PBXGroup;
			children = (
			);
			path = "New Group";
			sourceTree = "<group>";
		};
		26E16D9825D5A69C003E01CB /* Resources */ = {
			isa = PBXGroup;
			children = (
				26E16D9425D5A664003E01CB /* hikeData.json */,
				26E16D6325D41201003E01CB /* landmarkData.json */,
			);
			path = Resources;
			sourceTree = "<group>";
		};
		26E16D9E25D5A923003E01CB /* Hikes */ = {
			isa = PBXGroup;
			children = (
				26E16D9F25D5A923003E01CB /* GraphCapsule.swift */,
				26E16DA025D5A923003E01CB /* HikeGraph.swift */,
				26E16DA125D5A923003E01CB /* HikeDetail.swift */,
				26E16DA225D5A923003E01CB /* HikeView.swift */,
			);
			path = Hikes;
			sourceTree = "<group>";
		};
		26E16DAA25D6B4CE003E01CB /* Categories */ = {
			isa = PBXGroup;
			children = (
				26E16DAB25D6B581003E01CB /* CategoryHome.swift */,
				265622E425D6D15C00913277 /* CategoryItem.swift */,
				265622E125D6CE5600913277 /* CategoryRow.swift */,
			);
			path = Categories;
			sourceTree = "<group>";
		};
/* End PBXGroup section */

/* Begin PBXNativeTarget section */
		26E16D4225CEE1DD003E01CB /* Landmarks */ = {
			isa = PBXNativeTarget;
			buildConfigurationList = 26E16D5225CEE1DE003E01CB /* Build configuration list for PBXNativeTarget "Landmarks" */;
			buildPhases = (
				26E16D3F25CEE1DD003E01CB /* Sources */,
				26E16D4025CEE1DD003E01CB /* Frameworks */,
				26E16D4125CEE1DD003E01CB /* Resources */,
			);
			buildRules = (
			);
			dependencies = (
			);
			name = Landmarks;
			productName = Landmarks;
			productReference = 26E16D4325CEE1DD003E01CB /* Landmarks.app */;
			productType = "com.apple.product-type.application";
		};
/* End PBXNativeTarget section */

/* Begin PBXProject section */
		26E16D3B25CEE1DD003E01CB /* Project object */ = {
			isa = PBXProject;
			attributes = {
				LastSwiftUpdateCheck = 1240;
				LastUpgradeCheck = 1240;
				TargetAttributes = {
					26E16D4225CEE1DD003E01CB = {
						CreatedOnToolsVersion = 12.4;
					};
				};
			};
			buildConfigurationList = 26E16D3E25CEE1DD003E01CB /* Build configuration list for PBXProject "Landmarks" */;
			compatibilityVersion = "Xcode 9.3";
			developmentRegion = en;
			hasScannedForEncodings = 0;
			knownRegions = (
				en,
				Base,
			);
			mainGroup = 26E16D3A25CEE1DD003E01CB;
			productRefGroup = 26E16D4425CEE1DD003E01CB /* Products */;
			projectDirPath = "";
			projectRoot = "";
			targets = (
				26E16D4225CEE1DD003E01CB /* Landmarks */,
			);
		};
/* End PBXProject section */

/* Begin PBXResourcesBuildPhase section */
		26E16D4125CEE1DD003E01CB /* Resources */ = {
			isa = PBXResourcesBuildPhase;
			buildActionMask = 2147483647;
			files = (
				26E16D9525D5A664003E01CB /* hikeData.json in Resources */,
				26E16D4E25CEE1DE003E01CB /* Preview Assets.xcassets in Resources */,
				26E16D4B25CEE1DE003E01CB /* Assets.xcassets in Resources */,
				26E16D6425D41201003E01CB /* landmarkData.json in Resources */,
			);
			runOnlyForDeploymentPostprocessing = 0;
		};
/* End PBXResourcesBuildPhase section */

/* Begin PBXSourcesBuildPhase section */
		26E16D3F25CEE1DD003E01CB /* Sources */ = {
			isa = PBXSourcesBuildPhase;
			buildActionMask = 2147483647;
			files = (
				265622E225D6CE5600913277 /* CategoryRow.swift in Sources */,
				26E16D4925CEE1DD003E01CB /* ContentView.swift in Sources */,
				26E16DAC25D6B581003E01CB /* CategoryHome.swift in Sources */,
				26E16DA425D5A923003E01CB /* HikeGraph.swift in Sources */,
				26E16D8F25D59F9B003E01CB /* Badge.swift in Sources */,
				26E16D5A25CEE859003E01CB /* MapView.swift in Sources */,
				26E16DA325D5A923003E01CB /* GraphCapsule.swift in Sources */,
				26E16D4725CEE1DD003E01CB /* LandmarksApp.swift in Sources */,
				26E16D7B25D4F1A7003E01CB /* FavoriteButton.swift in Sources */,
				265622E525D6D15C00913277 /* CategoryItem.swift in Sources */,
				26E16DA525D5A923003E01CB /* HikeDetail.swift in Sources */,
				26E16D8325D51695003E01CB /* HexagonParameters.swift in Sources */,
				26E16D9C25D5A6E1003E01CB /* Hike.swift in Sources */,
				26E16D8C25D59E55003E01CB /* RotatedBadgeSymbol.swift in Sources */,
				26E16D8925D59D28003E01CB /* BadgeSymbol.swift in Sources */,
				26E16D7325D4197B003E01CB /* LandmarkList.swift in Sources */,
				26E16DA625D5A923003E01CB /* HikeView.swift in Sources */,
				26E16D7625D42AAF003E01CB /* LandmarkDetail.swift in Sources */,
				26E16D8625D51779003E01CB /* BadgeBackground.swift in Sources */,
				26E16D5725CEE720003E01CB /* CircleImage.swift in Sources */,
				26E16D6725D4121F003E01CB /* Landmark.swift in Sources */,
				26E16D6F25D4185B003E01CB /* LandmarkRow.swift in Sources */,
				26E16D6A25D41390003E01CB /* ModelData.swift in Sources */,
			);
			runOnlyForDeploymentPostprocessing = 0;
		};
/* End PBXSourcesBuildPhase section */

/* Begin XCBuildConfiguration section */
		26E16D5025CEE1DE003E01CB /* Debug */ = {
			isa = XCBuildConfiguration;
			buildSettings = {
				ALWAYS_SEARCH_USER_PATHS = NO;
				CLANG_ANALYZER_NONNULL = YES;
				CLANG_ANALYZER_NUMBER_OBJECT_CONVERSION = YES_AGGRESSIVE;
				CLANG_CXX_LANGUAGE_STANDARD = "gnu++14";
				CLANG_CXX_LIBRARY = "libc++";
				CLANG_ENABLE_MODULES = YES;
				CLANG_ENABLE_OBJC_ARC = YES;
				CLANG_ENABLE_OBJC_WEAK = YES;
				CLANG_WARN_BLOCK_CAPTURE_AUTORELEASING = YES;
				CLANG_WARN_BOOL_CONVERSION = YES;
				CLANG_WARN_COMMA = YES;
				CLANG_WARN_CONSTANT_CONVERSION = YES;
				CLANG_WARN_DEPRECATED_OBJC_IMPLEMENTATIONS = YES;
				CLANG_WARN_DIRECT_OBJC_ISA_USAGE = YES_ERROR;
				CLANG_WARN_DOCUMENTATION_COMMENTS = YES;
				CLANG_WARN_EMPTY_BODY = YES;
				CLANG_WARN_ENUM_CONVERSION = YES;
				CLANG_WARN_INFINITE_RECURSION = YES;
				CLANG_WARN_INT_CONVERSION = YES;
				CLANG_WARN_NON_LITERAL_NULL_CONVERSION = YES;
				CLANG_WARN_OBJC_IMPLICIT_RETAIN_SELF = YES;
				CLANG_WARN_OBJC_LITERAL_CONVERSION = YES;
				CLANG_WARN_OBJC_ROOT_CLASS = YES_ERROR;
				CLANG_WARN_QUOTED_INCLUDE_IN_FRAMEWORK_HEADER = YES;
				CLANG_WARN_RANGE_LOOP_ANALYSIS = YES;
				CLANG_WARN_STRICT_PROTOTYPES = YES;
				CLANG_WARN_SUSPICIOUS_MOVE = YES;
				CLANG_WARN_UNGUARDED_AVAILABILITY = YES_AGGRESSIVE;
				CLANG_WARN_UNREACHABLE_CODE = YES;
				CLANG_WARN__DUPLICATE_METHOD_MATCH = YES;
				COPY_PHASE_STRIP = NO;
				DEBUG_INFORMATION_FORMAT = dwarf;
				ENABLE_STRICT_OBJC_MSGSEND = YES;
				ENABLE_TESTABILITY = YES;
				GCC_C_LANGUAGE_STANDARD = gnu11;
				GCC_DYNAMIC_NO_PIC = NO;
				GCC_NO_COMMON_BLOCKS = YES;
				GCC_OPTIMIZATION_LEVEL = 0;
				GCC_PREPROCESSOR_DEFINITIONS = (
					"DEBUG=1",
					"$(inherited)",
				);
				GCC_WARN_64_TO_32_BIT_CONVERSION = YES;
				GCC_WARN_ABOUT_RETURN_TYPE = YES_ERROR;
				GCC_WARN_UNDECLARED_SELECTOR = YES;
				GCC_WARN_UNINITIALIZED_AUTOS = YES_AGGRESSIVE;
				GCC_WARN_UNUSED_FUNCTION = YES;
				GCC_WARN_UNUSED_VARIABLE = YES;
				IPHONEOS_DEPLOYMENT_TARGET = 14.4;
				MTL_ENABLE_DEBUG_INFO = INCLUDE_SOURCE;
				MTL_FAST_MATH = YES;
				ONLY_ACTIVE_ARCH = YES;
				SDKROOT = iphoneos;
				SWIFT_ACTIVE_COMPILATION_CONDITIONS = DEBUG;
				SWIFT_OPTIMIZATION_LEVEL = "-Onone";
			};
			name = Debug;
		};
		26E16D5125CEE1DE003E01CB /* Release */ = {
			isa = XCBuildConfiguration;
			buildSettings = {
				ALWAYS_SEARCH_USER_PATHS = NO;
				CLANG_ANALYZER_NONNULL = YES;
				CLANG_ANALYZER_NUMBER_OBJECT_CONVERSION = YES_AGGRESSIVE;
				CLANG_CXX_LANGUAGE_STANDARD = "gnu++14";
				CLANG_CXX_LIBRARY = "libc++";
				CLANG_ENABLE_MODULES = YES;
				CLANG_ENABLE_OBJC_ARC = YES;
				CLANG_ENABLE_OBJC_WEAK = YES;
				CLANG_WARN_BLOCK_CAPTURE_AUTORELEASING = YES;
				CLANG_WARN_BOOL_CONVERSION = YES;
				CLANG_WARN_COMMA = YES;
				CLANG_WARN_CONSTANT_CONVERSION = YES;
				CLANG_WARN_DEPRECATED_OBJC_IMPLEMENTATIONS = YES;
				CLANG_WARN_DIRECT_OBJC_ISA_USAGE = YES_ERROR;
				CLANG_WARN_DOCUMENTATION_COMMENTS = YES;
				CLANG_WARN_EMPTY_BODY = YES;
				CLANG_WARN_ENUM_CONVERSION = YES;
				CLANG_WARN_INFINITE_RECURSION = YES;
				CLANG_WARN_INT_CONVERSION = YES;
				CLANG_WARN_NON_LITERAL_NULL_CONVERSION = YES;
				CLANG_WARN_OBJC_IMPLICIT_RETAIN_SELF = YES;
				CLANG_WARN_OBJC_LITERAL_CONVERSION = YES;
				CLANG_WARN_OBJC_ROOT_CLASS = YES_ERROR;
				CLANG_WARN_QUOTED_INCLUDE_IN_FRAMEWORK_HEADER = YES;
				CLANG_WARN_RANGE_LOOP_ANALYSIS = YES;
				CLANG_WARN_STRICT_PROTOTYPES = YES;
				CLANG_WARN_SUSPICIOUS_MOVE = YES;
				CLANG_WARN_UNGUARDED_AVAILABILITY = YES_AGGRESSIVE;
				CLANG_WARN_UNREACHABLE_CODE = YES;
				CLANG_WARN__DUPLICATE_METHOD_MATCH = YES;
				COPY_PHASE_STRIP = NO;
				DEBUG_INFORMATION_FORMAT = "dwarf-with-dsym";
				ENABLE_NS_ASSERTIONS = NO;
				ENABLE_STRICT_OBJC_MSGSEND = YES;
				GCC_C_LANGUAGE_STANDARD = gnu11;
				GCC_NO_COMMON_BLOCKS = YES;
				GCC_WARN_64_TO_32_BIT_CONVERSION = YES;
				GCC_WARN_ABOUT_RETURN_TYPE = YES_ERROR;
				GCC_WARN_UNDECLARED_SELECTOR = YES;
				GCC_WARN_UNINITIALIZED_AUTOS = YES_AGGRESSIVE;
				GCC_WARN_UNUSED_FUNCTION = YES;
				GCC_WARN_UNUSED_VARIABLE = YES;
				IPHONEOS_DEPLOYMENT_TARGET = 14.4;
				MTL_ENABLE_DEBUG_INFO = NO;
				MTL_FAST_MATH = YES;
				SDKROOT = iphoneos;
				SWIFT_COMPILATION_MODE = wholemodule;
				SWIFT_OPTIMIZATION_LEVEL = "-O";
				VALIDATE_PRODUCT = YES;
			};
			name = Release;
		};
		26E16D5325CEE1DE003E01CB /* Debug */ = {
			isa = XCBuildConfiguration;
			buildSettings = {
				ASSETCATALOG_COMPILER_APPICON_NAME = AppIcon;
				ASSETCATALOG_COMPILER_GLOBAL_ACCENT_COLOR_NAME = AccentColor;
				CODE_SIGN_STYLE = Automatic;
				DEVELOPMENT_ASSET_PATHS = "\"Landmarks/Preview Content\"";
				ENABLE_PREVIEWS = YES;
				INFOPLIST_FILE = Landmarks/Info.plist;
				IPHONEOS_DEPLOYMENT_TARGET = 14.0;
				LD_RUNPATH_SEARCH_PATHS = (
					"$(inherited)",
					"@executable_path/Frameworks",
				);
				PRODUCT_BUNDLE_IDENTIFIER = "com.example.apple-samplecode.Landmarks";
				PRODUCT_NAME = "$(TARGET_NAME)";
				SWIFT_VERSION = 5.0;
				TARGETED_DEVICE_FAMILY = "1,2";
			};
			name = Debug;
		};
		26E16D5425CEE1DE003E01CB /* Release */ = {
			isa = XCBuildConfiguration;
			buildSettings = {
				ASSETCATALOG_COMPILER_APPICON_NAME = AppIcon;
				ASSETCATALOG_COMPILER_GLOBAL_ACCENT_COLOR_NAME = AccentColor;
				CODE_SIGN_STYLE = Automatic;
				DEVELOPMENT_ASSET_PATHS = "\"Landmarks/Preview Content\"";
				ENABLE_PREVIEWS = YES;
				INFOPLIST_FILE = Landmarks/Info.plist;
				IPHONEOS_DEPLOYMENT_TARGET = 14.0;
				LD_RUNPATH_SEARCH_PATHS = (
					"$(inherited)",
					"@executable_path/Frameworks",
				);
				PRODUCT_BUNDLE_IDENTIFIER = "com.example.apple-samplecode.Landmarks";
				PRODUCT_NAME = "$(TARGET_NAME)";
				SWIFT_VERSION = 5.0;
				TARGETED_DEVICE_FAMILY = "1,2";
			};
			name = Release;
		};
/* End XCBuildConfiguration section */

/* Begin XCConfigurationList section */
		26E16D3E25CEE1DD003E01CB /* Build configuration list for PBXProject "Landmarks" */ = {
			isa = XCConfigurationList;
			buildConfigurations = (
				26E16D5025CEE1DE003E01CB /* Debug */,
				26E16D5125CEE1DE003E01CB /* Release */,
			);
			defaultConfigurationIsVisible = 0;
			defaultConfigurationName = Release;
		};
		26E16D5225CEE1DE003E01CB /* Build configuration list for PBXNativeTarget "Landmarks" */ = {
			isa = XCConfigurationList;
			buildConfigurations = (
				26E16D5325CEE1DE003E01CB /* Debug */,
				26E16D5425CEE1DE003E01CB /* Release */,
			);
			defaultConfigurationIsVisible = 0;
			defaultConfigurationName = Release;
		};
/* End XCConfigurationList section */
	};
	rootObject = 26E16D3B25CEE1DD003E01CB /* Project object */;
}
